
Microsoft Visual Studio Solution File, Format Version 12.00
# Visual Studio Version 17
VisualStudioVersion = 17.0.31903.59
MinimumVisualStudioVersion = 10.0.40219.1
Project("{2150E333-8FDC-42A3-9474-1A3956D46DE8}") = "src", "src", "{827E0CD3-B72D-47B6-A68D-7590B98EB39B}"
EndProject
Project("{FAE04EC0-301F-11D3-BF4B-00C04F79EFBC}") = "GymTracker.Domain", "src\GymTracker.Domain\GymTracker.Domain.csproj", "{3D7355FB-6F03-4138-9327-24E9849112BE}"
EndProject
Project("{FAE04EC0-301F-11D3-BF4B-00C04F79EFBC}") = "GymTracker.Application", "src\GymTracker.Application\GymTracker.Application.csproj", "{7EF5F0C6-B08F-4D66-867E-85DAE6B1500E}"
EndProject
Project("{FAE04EC0-301F-11D3-BF4B-00C04F79EFBC}") = "GymTracker.Infrastructure", "src\GymTracker.Infrastructure\GymTracker.Infrastructure.csproj", "{132FC9B0-A2EB-4D13-91E2-6ACBFD22BBA3}"
EndProject
Project("{FAE04EC0-301F-11D3-BF4B-00C04F79EFBC}") = "GymTracker.Api", "src\GymTracker.Api\GymTracker.Api.csproj", "{48FF0F07-C31D-420A-95F5-1FB5635615BF}"
EndProject
Project("{2150E333-8FDC-42A3-9474-1A3956D46DE8}") = "tests", "tests", "{0AB3BF05-4346-4AA6-1389-037BE0695223}"
EndProject
Project("{FAE04EC0-301F-11D3-BF4B-00C04F79EFBC}") = "GymTracker.Application.Tests", "tests\GymTracker.Application.Tests\GymTracker.Application.Tests.csproj", "{01BEFC1C-721F-44F7-9ACF-F63BAFBCE2DB}"
EndProject
Global
	GlobalSection(SolutionConfigurationPlatforms) = preSolution
		Debug|Any CPU = Debug|Any CPU
		Debug|x64 = Debug|x64
		Debug|x86 = Debug|x86
		Release|Any CPU = Release|Any CPU
		Release|x64 = Release|x64
		Release|x86 = Release|x86
	EndGlobalSection
	GlobalSection(ProjectConfigurationPlatforms) = postSolution
		{3D7355FB-6F03-4138-9327-24E9849112BE}.Debug|Any CPU.ActiveCfg = Debug|Any CPU
		{3D7355FB-6F03-4138-9327-24E9849112BE}.Debug|Any CPU.Build.0 = Debug|Any CPU
		{3D7355FB-6F03-4138-9327-24E9849112BE}.Debug|x64.ActiveCfg = Debug|Any CPU
		{3D7355FB-6F03-4138-9327-24E9849112BE}.Debug|x64.Build.0 = Debug|Any CPU
		{3D7355FB-6F03-4138-9327-24E9849112BE}.Debug|x86.ActiveCfg = Debug|Any CPU
		{3D7355FB-6F03-4138-9327-24E9849112BE}.Debug|x86.Build.0 = Debug|Any CPU
		{3D7355FB-6F03-4138-9327-24E9849112BE}.Release|Any CPU.ActiveCfg = Release|Any CPU
		{3D7355FB-6F03-4138-9327-24E9849112BE}.Release|Any CPU.Build.0 = Release|Any CPU
		{3D7355FB-6F03-4138-9327-24E9849112BE}.Release|x64.ActiveCfg = Release|Any CPU
		{3D7355FB-6F03-4138-9327-24E9849112BE}.Release|x64.Build.0 = Release|Any CPU
		{3D7355FB-6F03-4138-9327-24E9849112BE}.Release|x86.ActiveCfg = Release|Any CPU
		{3D7355FB-6F03-4138-9327-24E9849112BE}.Release|x86.Build.0 = Release|Any CPU
		{7EF5F0C6-B08F-4D66-867E-85DAE6B1500E}.Debug|Any CPU.ActiveCfg = Debug|Any CPU
		{7EF5F0C6-B08F-4D66-867E-85DAE6B1500E}.Debug|Any CPU.Build.0 = Debug|Any CPU
		{7EF5F0C6-B08F-4D66-867E-85DAE6B1500E}.Debug|x64.ActiveCfg = Debug|Any CPU
		{7EF5F0C6-B08F-4D66-867E-85DAE6B1500E}.Debug|x64.Build.0 = Debug|Any CPU
		{7EF5F0C6-B08F-4D66-867E-85DAE6B1500E}.Debug|x86.ActiveCfg = Debug|Any CPU
		{7EF5F0C6-B08F-4D66-867E-85DAE6B1500E}.Debug|x86.Build.0 = Debug|Any CPU
		{7EF5F0C6-B08F-4D66-867E-85DAE6B1500E}.Release|Any CPU.ActiveCfg = Release|Any CPU
		{7EF5F0C6-B08F-4D66-867E-85DAE6B1500E}.Release|Any CPU.Build.0 = Release|Any CPU
		{7EF5F0C6-B08F-4D66-867E-85DAE6B1500E}.Release|x64.ActiveCfg = Release|Any CPU
		{7EF5F0C6-B08F-4D66-867E-85DAE6B1500E}.Release|x64.Build.0 = Release|Any CPU
		{7EF5F0C6-B08F-4D66-867E-85DAE6B1500E}.Release|x86.ActiveCfg = Release|Any CPU
		{7EF5F0C6-B08F-4D66-867E-85DAE6B1500E}.Release|x86.Build.0 = Release|Any CPU
		{132FC9B0-A2EB-4D13-91E2-6ACBFD22BBA3}.Debug|Any CPU.ActiveCfg = Debug|Any CPU
		{132FC9B0-A2EB-4D13-91E2-6ACBFD22BBA3}.Debug|Any CPU.Build.0 = Debug|Any CPU
		{132FC9B0-A2EB-4D13-91E2-6ACBFD22BBA3}.Debug|x64.ActiveCfg = Debug|Any CPU
		{132FC9B0-A2EB-4D13-91E2-6ACBFD22BBA3}.Debug|x64.Build.0 = Debug|Any CPU
		{132FC9B0-A2EB-4D13-91E2-6ACBFD22BBA3}.Debug|x86.ActiveCfg = Debug|Any CPU
		{132FC9B0-A2EB-4D13-91E2-6ACBFD22BBA3}.Debug|x86.Build.0 = Debug|Any CPU
		{132FC9B0-A2EB-4D13-91E2-6ACBFD22BBA3}.Release|Any CPU.ActiveCfg = Release|Any CPU
		{132FC9B0-A2EB-4D13-91E2-6ACBFD22BBA3}.Release|Any CPU.Build.0 = Release|Any CPU
		{132FC9B0-A2EB-4D13-91E2-6ACBFD22BBA3}.Release|x64.ActiveCfg = Release|Any CPU
		{132FC9B0-A2EB-4D13-91E2-6ACBFD22BBA3}.Release|x64.Build.0 = Release|Any CPU
		{132FC9B0-A2EB-4D13-91E2-6ACBFD22BBA3}.Release|x86.ActiveCfg = Release|Any CPU
		{132FC9B0-A2EB-4D13-91E2-6ACBFD22BBA3}.Release|x86.Build.0 = Release|Any CPU
		{48FF0F07-C31D-420A-95F5-1FB5635615BF}.Debug|Any CPU.ActiveCfg = Debug|Any CPU
		{48FF0F07-C31D-420A-95F5-1FB5635615BF}.Debug|Any CPU.Build.0 = Debug|Any CPU
		{48FF0F07-C31D-420A-95F5-1FB5635615BF}.Debug|x64.ActiveCfg = Debug|Any CPU
		{48FF0F07-C31D-420A-95F5-1FB5635615BF}.Debug|x64.Build.0 = Debug|Any CPU
		{48FF0F07-C31D-420A-95F5-1FB5635615BF}.Debug|x86.ActiveCfg = Debug|Any CPU
		{48FF0F07-C31D-420A-95F5-1FB5635615BF}.Debug|x86.Build.0 = Debug|Any CPU
		{48FF0F07-C31D-420A-95F5-1FB5635615BF}.Release|Any CPU.ActiveCfg = Release|Any CPU
		{48FF0F07-C31D-420A-95F5-1FB5635615BF}.Release|Any CPU.Build.0 = Release|Any CPU
		{48FF0F07-C31D-420A-95F5-1FB5635615BF}.Release|x64.ActiveCfg = Release|Any CPU
		{48FF0F07-C31D-420A-95F5-1FB5635615BF}.Release|x64.Build.0 = Release|Any CPU
		{48FF0F07-C31D-420A-95F5-1FB5635615BF}.Release|x86.ActiveCfg = Release|Any CPU
		{48FF0F07-C31D-420A-95F5-1FB5635615BF}.Release|x86.Build.0 = Release|Any CPU
		{01BEFC1C-721F-44F7-9ACF-F63BAFBCE2DB}.Debug|Any CPU.ActiveCfg = Debug|Any CPU
		{01BEFC1C-721F-44F7-9ACF-F63BAFBCE2DB}.Debug|Any CPU.Build.0 = Debug|Any CPU
		{01BEFC1C-721F-44F7-9ACF-F63BAFBCE2DB}.Debug|x64.ActiveCfg = Debug|Any CPU
		{01BEFC1C-721F-44F7-9ACF-F63BAFBCE2DB}.Debug|x64.Build.0 = Debug|Any CPU
		{01BEFC1C-721F-44F7-9ACF-F63BAFBCE2DB}.Debug|x86.ActiveCfg = Debug|Any CPU
		{01BEFC1C-721F-44F7-9ACF-F63BAFBCE2DB}.Debug|x86.Build.0 = Debug|Any CPU
		{01BEFC1C-721F-44F7-9ACF-F63BAFBCE2DB}.Release|Any CPU.ActiveCfg = Release|Any CPU
		{01BEFC1C-721F-44F7-9ACF-F63BAFBCE2DB}.Release|Any CPU.Build.0 = Release|Any CPU
		{01BEFC1C-721F-44F7-9ACF-F63BAFBCE2DB}.Release|x64.ActiveCfg = Release|Any CPU
		{01BEFC1C-721F-44F7-9ACF-F63BAFBCE2DB}.Release|x64.Build.0 = Release|Any CPU
		{01BEFC1C-721F-44F7-9ACF-F63BAFBCE2DB}.Release|x86.ActiveCfg = Release|Any CPU
		{01BEFC1C-721F-44F7-9ACF-F63BAFBCE2DB}.Release|x86.Build.0 = Release|Any CPU
	EndGlobalSection
	GlobalSection(SolutionProperties) = preSolution
		HideSolutionNode = FALSE
	EndGlobalSection
	GlobalSection(NestedProjects) = preSolution
		{3D7355FB-6F03-4138-9327-24E9849112BE} = {827E0CD3-B72D-47B6-A68D-7590B98EB39B}
		{7EF5F0C6-B08F-4D66-867E-85DAE6B1500E} = {827E0CD3-B72D-47B6-A68D-7590B98EB39B}
		{132FC9B0-A2EB-4D13-91E2-6ACBFD22BBA3} = {827E0CD3-B72D-47B6-A68D-7590B98EB39B}
		{48FF0F07-C31D-420A-95F5-1FB5635615BF} = {827E0CD3-B72D-47B6-A68D-7590B98EB39B}
		{01BEFC1C-721F-44F7-9ACF-F63BAFBCE2DB} = {0AB3BF05-4346-4AA6-1389-037BE0695223}
	EndGlobalSection
EndGlobal
